
Microsoft Visual Studio Solution File, Format Version 12.00
# Visual Studio 15
VisualStudioVersion = 15.0.27130.2024
MinimumVisualStudioVersion = 10.0.40219.1
Project("{FAE04EC0-301F-11D3-BF4B-00C04F79EFBC}") = "Web", "Web\Web.csproj", "{4542DBA5-94BE-4451-9A93-2994BDEFB569}"
EndProject
Project("{FAE04EC0-301F-11D3-BF4B-00C04F79EFBC}") = "Web.Tests", "Web.Tests\Web.Tests.csproj", "{BC69B07D-8427-4578-BE3A-7E851B23EC35}"
EndProject
Global
	GlobalSection(SolutionConfigurationPlatforms) = preSolution
		Debug|Any CPU = Debug|Any CPU
		Release|Any CPU = Release|Any CPU
	EndGlobalSection
	GlobalSection(ProjectConfigurationPlatforms) = postSolution
		{4542DBA5-94BE-4451-9A93-2994BDEFB569}.Debug|Any CPU.ActiveCfg = Debug|Any CPU
		{4542DBA5-94BE-4451-9A93-2994BDEFB569}.Debug|Any CPU.Build.0 = Debug|Any CPU
		{4542DBA5-94BE-4451-9A93-2994BDEFB569}.Release|Any CPU.ActiveCfg = Release|Any CPU
		{4542DBA5-94BE-4451-9A93-2994BDEFB569}.Release|Any CPU.Build.0 = Release|Any CPU
		{BC69B07D-8427-4578-BE3A-7E851B23EC35}.Debug|Any CPU.ActiveCfg = Debug|Any CPU
		{BC69B07D-8427-4578-BE3A-7E851B23EC35}.Debug|Any CPU.Build.0 = Debug|Any CPU
		{BC69B07D-8427-4578-BE3A-7E851B23EC35}.Release|Any CPU.ActiveCfg = Release|Any CPU
		{BC69B07D-8427-4578-BE3A-7E851B23EC35}.Release|Any CPU.Build.0 = Release|Any CPU
	EndGlobalSection
	GlobalSection(SolutionProperties) = preSolution
		HideSolutionNode = FALSE
	EndGlobalSection
	GlobalSection(ExtensibilityGlobals) = postSolution
		SolutionGuid = {E7F545D6-C581-46EE-8E94-5F502887D8EF}
	EndGlobalSection
EndGlobal
